{
  "nodes": {
    "base16": {
      "inputs": {
        "fromYaml": "fromYaml"
      },
      "locked": {
        "lastModified": 1755819240,
        "narHash": "sha256-qcMhnL7aGAuFuutH4rq9fvAhCpJWVHLcHVZLtPctPlo=",
        "owner": "SenchoPens",
        "repo": "base16.nix",
        "rev": "75ed5e5e3fce37df22e49125181fa37899c3ccd6",
        "type": "github"
      },
      "original": {
        "owner": "SenchoPens",
        "repo": "base16.nix",
        "type": "github"
      }
    },
    "base16-fish": {
      "flake": false,
      "locked": {
        "lastModified": 1622559957,
        "narHash": "sha256-PebymhVYbL8trDVVXxCvZgc0S5VxI7I1Hv4RMSquTpA=",
        "owner": "tomyun",
        "repo": "base16-fish",
        "rev": "2f6dd973a9075dabccd26f1cded09508180bf5fe",
        "type": "github"
      },
      "original": {
        "owner": "tomyun",
        "repo": "base16-fish",
        "type": "github"
      }
    },
    "base16-helix": {
      "flake": false,
      "locked": {
        "lastModified": 1752979451,
        "narHash": "sha256-0CQM+FkYy0fOO/sMGhOoNL80ftsAzYCg9VhIrodqusM=",
        "owner": "tinted-theming",
        "repo": "base16-helix",
        "rev": "27cf1e66e50abc622fb76a3019012dc07c678fac",
        "type": "github"
      },
      "original": {
        "owner": "tinted-theming",
        "repo": "base16-helix",
        "type": "github"
      }
    },
    "base16-vim": {
      "flake": false,
      "locked": {
        "lastModified": 1732806396,
        "narHash": "sha256-e0bpPySdJf0F68Ndanwm+KWHgQiZ0s7liLhvJSWDNsA=",
        "owner": "tinted-theming",
        "repo": "base16-vim",
        "rev": "577fe8125d74ff456cf942c733a85d769afe58b7",
        "type": "github"
      },
      "original": {
        "owner": "tinted-theming",
        "repo": "base16-vim",
        "rev": "577fe8125d74ff456cf942c733a85d769afe58b7",
        "type": "github"
      }
    },
    "crane": {
      "locked": {
        "lastModified": 1757183466,
        "narHash": "sha256-kTdCCMuRE+/HNHES5JYsbRHmgtr+l9mOtf5dpcMppVc=",
        "owner": "ipetkov",
        "repo": "crane",
        "rev": "d599ae4847e7f87603e7082d73ca673aa93c916d",
        "type": "github"
      },
      "original": {
        "owner": "ipetkov",
        "repo": "crane",
        "type": "github"
      }
    },
    "devshell": {
      "inputs": {
        "nixpkgs": [
          "nix-topology",
          "nixpkgs"
        ]
      },
      "locked": {
        "lastModified": 1728330715,
        "narHash": "sha256-xRJ2nPOXb//u1jaBnDP56M7v5ldavjbtR6lfGqSvcKg=",
        "owner": "numtide",
        "repo": "devshell",
        "rev": "dd6b80932022cea34a019e2bb32f6fa9e494dfef",
        "type": "github"
      },
      "original": {
        "owner": "numtide",
        "repo": "devshell",
        "type": "github"
      }
    },
    "disko": {
      "inputs": {
        "nixpkgs": [
          "nixpkgs"
        ]
      },
      "locked": {
        "lastModified": 1758287904,
        "narHash": "sha256-IGmaEf3Do8o5Cwp1kXBN1wQmZwQN3NLfq5t4nHtVtcU=",
        "owner": "nix-community",
        "repo": "disko",
        "rev": "67ff9807dd148e704baadbd4fd783b54282ca627",
        "type": "github"
      },
      "original": {
        "owner": "nix-community",
        "repo": "disko",
        "type": "github"
      }
    },
    "disko_2": {
      "inputs": {
        "nixpkgs": [
          "nixos-anywhere",
          "nixpkgs"
        ]
      },
      "locked": {
        "lastModified": 1749200714,
        "narHash": "sha256-W8KiJIrVwmf43JOPbbTu5lzq+cmdtRqaNbOsZigjioY=",
        "owner": "nix-community",
        "repo": "disko",
        "rev": "17d08c65c241b1d65b3ddf79e3fac1ddc870b0f6",
        "type": "github"
      },
      "original": {
        "owner": "nix-community",
        "ref": "master",
        "repo": "disko",
        "type": "github"
      }
    },
    "dwl": {
      "inputs": {
        "dwl-source": "dwl-source",
        "nixpkgs": [
          "nixpkgs"
        ],
        "pre-commit-hooks": "pre-commit-hooks",
        "slstatus": "slstatus"
      },
      "locked": {
        "lastModified": 1758849182,
        "narHash": "sha256-Z01QjO3yGZh0UeGvMqBCnf9jjAkDjEJKmMI9M1QlCPs=",
        "owner": "ShellTux",
        "repo": "dwl",
        "rev": "314cf7cef0f38a3a70d6d2c0b74ae55c53a7e175",
        "type": "github"
      },
      "original": {
        "owner": "ShellTux",
        "repo": "dwl",
        "type": "github"
      }
    },
    "dwl-source": {
      "flake": false,
      "locked": {
        "lastModified": 1754342854,
        "narHash": "sha256-AvhGE0PGlwtX+wn59kw+9cH3vHa3S+REEOD9IIzHNxU=",
        "ref": "refs/heads/main",
        "rev": "ab4cb6e28365cf8754d6d3bdd293c05abfc27e26",
        "revCount": 1306,
        "type": "git",
        "url": "https://codeberg.org/dwl/dwl"
      },
      "original": {
        "type": "git",
        "url": "https://codeberg.org/dwl/dwl"
      }
    },
    "firefox-addons": {
      "inputs": {
        "nixpkgs": [
          "nixpkgs"
        ]
      },
      "locked": {
        "dir": "pkgs/firefox-addons",
        "lastModified": 1759403080,
        "narHash": "sha256-EteyL8KyG9R5xzqyOBzyag4n2cSemu61VFrl3opJSqE=",
        "owner": "rycee",
        "repo": "nur-expressions",
        "rev": "8af6dfcbcbf1115a4f5aeed77ff0db5d3c02caf0",
        "type": "gitlab"
      },
      "original": {
        "dir": "pkgs/firefox-addons",
        "owner": "rycee",
        "repo": "nur-expressions",
        "type": "gitlab"
      }
    },
    "firefox-gnome-theme": {
      "flake": false,
      "locked": {
        "lastModified": 1758112371,
        "narHash": "sha256-lizRM2pj6PHrR25yimjyFn04OS4wcdbc38DCdBVa2rk=",
        "owner": "rafaelmardojai",
        "repo": "firefox-gnome-theme",
        "rev": "0909cfe4a2af8d358ad13b20246a350e14c2473d",
        "type": "github"
      },
      "original": {
        "owner": "rafaelmardojai",
        "repo": "firefox-gnome-theme",
        "type": "github"
      }
    },
    "flake-compat": {
      "flake": false,
      "locked": {
        "lastModified": 1747046372,
        "narHash": "sha256-CIVLLkVgvHYbgI2UpXvIIBJ12HWgX+fjA8Xf8PUmqCY=",
        "owner": "edolstra",
        "repo": "flake-compat",
        "rev": "9100a0f413b0c601e0533d1d94ffd501ce2e7885",
        "type": "github"
      },
      "original": {
        "owner": "edolstra",
        "repo": "flake-compat",
        "type": "github"
      }
    },
    "flake-compat_2": {
      "flake": false,
      "locked": {
        "lastModified": 1747046372,
        "narHash": "sha256-CIVLLkVgvHYbgI2UpXvIIBJ12HWgX+fjA8Xf8PUmqCY=",
        "owner": "edolstra",
        "repo": "flake-compat",
        "rev": "9100a0f413b0c601e0533d1d94ffd501ce2e7885",
        "type": "github"
      },
      "original": {
        "owner": "edolstra",
        "repo": "flake-compat",
        "type": "github"
      }
    },
    "flake-compat_3": {
      "flake": false,
      "locked": {
        "lastModified": 1747046372,
        "narHash": "sha256-CIVLLkVgvHYbgI2UpXvIIBJ12HWgX+fjA8Xf8PUmqCY=",
        "owner": "edolstra",
        "repo": "flake-compat",
        "rev": "9100a0f413b0c601e0533d1d94ffd501ce2e7885",
        "type": "github"
      },
      "original": {
        "owner": "edolstra",
        "repo": "flake-compat",
        "type": "github"
      }
    },
    "flake-compat_4": {
      "flake": false,
      "locked": {
        "lastModified": 1696426674,
        "narHash": "sha256-kvjfFW7WAETZlt09AgDn1MrtKzP7t90Vf7vypd3OL1U=",
        "owner": "edolstra",
        "repo": "flake-compat",
        "rev": "0f9255e01c2351cc7d116c072cb317785dd33b33",
        "type": "github"
      },
      "original": {
        "owner": "edolstra",
        "repo": "flake-compat",
        "type": "github"
      }
    },
    "flake-compat_5": {
      "flake": false,
      "locked": {
        "lastModified": 1747046372,
        "narHash": "sha256-CIVLLkVgvHYbgI2UpXvIIBJ12HWgX+fjA8Xf8PUmqCY=",
        "owner": "edolstra",
        "repo": "flake-compat",
        "rev": "9100a0f413b0c601e0533d1d94ffd501ce2e7885",
        "type": "github"
      },
      "original": {
        "owner": "edolstra",
        "repo": "flake-compat",
        "type": "github"
      }
    },
    "flake-parts": {
      "inputs": {
        "nixpkgs-lib": [
          "nixpkgs"
        ]
      },
      "locked": {
        "lastModified": 1759362264,
        "narHash": "sha256-wfG0S7pltlYyZTM+qqlhJ7GMw2fTF4mLKCIVhLii/4M=",
        "owner": "hercules-ci",
        "repo": "flake-parts",
        "rev": "758cf7296bee11f1706a574c77d072b8a7baa881",
        "type": "github"
      },
      "original": {
        "owner": "hercules-ci",
        "repo": "flake-parts",
        "type": "github"
      }
    },
    "flake-parts_2": {
      "inputs": {
        "nixpkgs-lib": [
          "hyprshell",
          "nixpkgs"
        ]
      },
      "locked": {
        "lastModified": 1756770412,
        "narHash": "sha256-+uWLQZccFHwqpGqr2Yt5VsW/PbeJVTn9Dk6SHWhNRPw=",
        "owner": "hercules-ci",
        "repo": "flake-parts",
        "rev": "4524271976b625a4a605beefd893f270620fd751",
        "type": "github"
      },
      "original": {
        "owner": "hercules-ci",
        "repo": "flake-parts",
        "type": "github"
      }
    },
    "flake-parts_3": {
      "inputs": {
        "nixpkgs-lib": [
          "nixos-anywhere",
          "nixpkgs"
        ]
      },
      "locked": {
        "lastModified": 1748821116,
        "narHash": "sha256-F82+gS044J1APL0n4hH50GYdPRv/5JWm34oCJYmVKdE=",
        "owner": "hercules-ci",
        "repo": "flake-parts",
        "rev": "49f0870db23e8c1ca0b5259734a02cd9e1e371a1",
        "type": "github"
      },
      "original": {
        "owner": "hercules-ci",
        "repo": "flake-parts",
        "type": "github"
      }
    },
    "flake-parts_4": {
      "inputs": {
        "nixpkgs-lib": [
          "nixvim",
          "nixpkgs"
        ]
      },
      "locked": {
        "lastModified": 1759362264,
        "narHash": "sha256-wfG0S7pltlYyZTM+qqlhJ7GMw2fTF4mLKCIVhLii/4M=",
        "owner": "hercules-ci",
        "repo": "flake-parts",
        "rev": "758cf7296bee11f1706a574c77d072b8a7baa881",
        "type": "github"
      },
      "original": {
        "owner": "hercules-ci",
        "repo": "flake-parts",
        "type": "github"
      }
    },
    "flake-parts_5": {
      "inputs": {
        "nixpkgs-lib": [
          "nur",
          "nixpkgs"
        ]
      },
      "locked": {
        "lastModified": 1733312601,
        "narHash": "sha256-4pDvzqnegAfRkPwO3wmwBhVi/Sye1mzps0zHWYnP88c=",
        "owner": "hercules-ci",
        "repo": "flake-parts",
        "rev": "205b12d8b7cd4802fbcb8e8ef6a0f1408781a4f9",
        "type": "github"
      },
      "original": {
        "owner": "hercules-ci",
        "repo": "flake-parts",
        "type": "github"
      }
    },
    "flake-parts_6": {
      "inputs": {
        "nixpkgs-lib": [
          "stylix",
          "nixpkgs"
        ]
      },
      "locked": {
        "lastModified": 1756770412,
        "narHash": "sha256-+uWLQZccFHwqpGqr2Yt5VsW/PbeJVTn9Dk6SHWhNRPw=",
        "owner": "hercules-ci",
        "repo": "flake-parts",
        "rev": "4524271976b625a4a605beefd893f270620fd751",
        "type": "github"
      },
      "original": {
        "owner": "hercules-ci",
        "repo": "flake-parts",
        "type": "github"
      }
    },
    "flake-utils": {
      "inputs": {
        "systems": "systems"
      },
      "locked": {
        "lastModified": 1731533236,
        "narHash": "sha256-l0KFg5HjrsfsO/JpG+r7fRrqm12kzFHyUHqHCVpMMbI=",
        "owner": "numtide",
        "repo": "flake-utils",
        "rev": "11707dc2f618dd54ca8739b309ec4fc024de578b",
        "type": "github"
      },
      "original": {
        "owner": "numtide",
        "repo": "flake-utils",
        "type": "github"
      }
    },
    "flake-utils_2": {
      "inputs": {
        "systems": "systems_2"
      },
      "locked": {
        "lastModified": 1726560853,
        "narHash": "sha256-X6rJYSESBVr3hBoH0WbKE5KvhPU5bloyZ2L4K60/fPQ=",
        "owner": "numtide",
        "repo": "flake-utils",
        "rev": "c1dfcf08411b08f6b8615f7d8971a2bfa81d5e8a",
        "type": "github"
      },
      "original": {
        "owner": "numtide",
        "repo": "flake-utils",
        "type": "github"
      }
    },
    "flake-utils_3": {
      "inputs": {
        "systems": "systems_3"
      },
      "locked": {
        "lastModified": 1731533236,
        "narHash": "sha256-l0KFg5HjrsfsO/JpG+r7fRrqm12kzFHyUHqHCVpMMbI=",
        "owner": "numtide",
        "repo": "flake-utils",
        "rev": "11707dc2f618dd54ca8739b309ec4fc024de578b",
        "type": "github"
      },
      "original": {
        "owner": "numtide",
        "repo": "flake-utils",
        "type": "github"
      }
    },
    "fromYaml": {
      "flake": false,
      "locked": {
        "lastModified": 1731966426,
        "narHash": "sha256-lq95WydhbUTWig/JpqiB7oViTcHFP8Lv41IGtayokA8=",
        "owner": "SenchoPens",
        "repo": "fromYaml",
        "rev": "106af9e2f715e2d828df706c386a685698f3223b",
        "type": "github"
      },
      "original": {
        "owner": "SenchoPens",
        "repo": "fromYaml",
        "type": "github"
      }
    },
    "git-hooks-nix": {
      "inputs": {
        "flake-compat": "flake-compat_3",
        "gitignore": "gitignore_3",
        "nixpkgs": "nixpkgs"
      },
      "locked": {
        "lastModified": 1758108966,
        "narHash": "sha256-ytw7ROXaWZ7OfwHrQ9xvjpUWeGVm86pwnEd1QhzawIo=",
        "owner": "cachix",
        "repo": "git-hooks.nix",
        "rev": "54df955a695a84cd47d4a43e08e1feaf90b1fd9b",
        "type": "github"
      },
      "original": {
        "owner": "cachix",
        "repo": "git-hooks.nix",
        "type": "github"
      }
    },
    "gitignore": {
      "inputs": {
        "nixpkgs": [
          "dwl",
          "pre-commit-hooks",
          "nixpkgs"
        ]
      },
      "locked": {
        "lastModified": 1709087332,
        "narHash": "sha256-HG2cCnktfHsKV0s4XW83gU3F57gaTljL9KNSuG6bnQs=",
        "owner": "hercules-ci",
        "repo": "gitignore.nix",
        "rev": "637db329424fd7e46cf4185293b9cc8c88c95394",
        "type": "github"
      },
      "original": {
        "owner": "hercules-ci",
        "repo": "gitignore.nix",
        "type": "github"
      }
    },
    "gitignore_2": {
      "inputs": {
        "nixpkgs": [
          "dwl",
          "slstatus",
          "pre-commit-hooks",
          "nixpkgs"
        ]
      },
      "locked": {
        "lastModified": 1709087332,
        "narHash": "sha256-HG2cCnktfHsKV0s4XW83gU3F57gaTljL9KNSuG6bnQs=",
        "owner": "hercules-ci",
        "repo": "gitignore.nix",
        "rev": "637db329424fd7e46cf4185293b9cc8c88c95394",
        "type": "github"
      },
      "original": {
        "owner": "hercules-ci",
        "repo": "gitignore.nix",
        "type": "github"
      }
    },
    "gitignore_3": {
      "inputs": {
        "nixpkgs": [
          "git-hooks-nix",
          "nixpkgs"
        ]
      },
      "locked": {
        "lastModified": 1709087332,
        "narHash": "sha256-HG2cCnktfHsKV0s4XW83gU3F57gaTljL9KNSuG6bnQs=",
        "owner": "hercules-ci",
        "repo": "gitignore.nix",
        "rev": "637db329424fd7e46cf4185293b9cc8c88c95394",
        "type": "github"
      },
      "original": {
        "owner": "hercules-ci",
        "repo": "gitignore.nix",
        "type": "github"
      }
    },
    "gitignore_4": {
      "inputs": {
        "nixpkgs": [
          "nix-topology",
          "pre-commit-hooks",
          "nixpkgs"
        ]
      },
      "locked": {
        "lastModified": 1709087332,
        "narHash": "sha256-HG2cCnktfHsKV0s4XW83gU3F57gaTljL9KNSuG6bnQs=",
        "owner": "hercules-ci",
        "repo": "gitignore.nix",
        "rev": "637db329424fd7e46cf4185293b9cc8c88c95394",
        "type": "github"
      },
      "original": {
        "owner": "hercules-ci",
        "repo": "gitignore.nix",
        "type": "github"
      }
    },
    "gitignore_5": {
      "inputs": {
        "nixpkgs": [
          "slstatus",
          "pre-commit-hooks",
          "nixpkgs"
        ]
      },
      "locked": {
        "lastModified": 1709087332,
        "narHash": "sha256-HG2cCnktfHsKV0s4XW83gU3F57gaTljL9KNSuG6bnQs=",
        "owner": "hercules-ci",
        "repo": "gitignore.nix",
        "rev": "637db329424fd7e46cf4185293b9cc8c88c95394",
        "type": "github"
      },
      "original": {
        "owner": "hercules-ci",
        "repo": "gitignore.nix",
        "type": "github"
      }
    },
    "gnome-shell": {
      "flake": false,
      "locked": {
        "lastModified": 1748186689,
        "narHash": "sha256-UaD7Y9f8iuLBMGHXeJlRu6U1Ggw5B9JnkFs3enZlap0=",
        "owner": "GNOME",
        "repo": "gnome-shell",
        "rev": "8c88f917db0f1f0d80fa55206c863d3746fa18d0",
        "type": "github"
      },
      "original": {
        "owner": "GNOME",
        "ref": "48.2",
        "repo": "gnome-shell",
        "type": "github"
      }
    },
    "home-manager": {
      "inputs": {
        "nixpkgs": [
          "nixpkgs"
        ]
      },
      "locked": {
        "lastModified": 1759337100,
        "narHash": "sha256-CcT3QvZ74NGfM+lSOILcCEeU+SnqXRvl1XCRHenZ0Us=",
        "owner": "nix-community",
        "repo": "home-manager",
        "rev": "004753ae6b04c4b18aa07192c1106800aaacf6c3",
        "type": "github"
      },
      "original": {
        "owner": "nix-community",
        "repo": "home-manager",
        "type": "github"
      }
    },
    "home-manager_2": {
      "inputs": {
        "nixpkgs": [
          "hyprshell",
          "nixpkgs"
        ]
      },
      "locked": {
        "lastModified": 1757809953,
        "narHash": "sha256-29mlXbfAJhz9cWVrPP4STvVPDVZFCfCOmaIN5lFJa+Y=",
        "owner": "nix-community",
        "repo": "home-manager",
        "rev": "17a10049486f6698fca32097d8f52c0c895542b0",
        "type": "github"
      },
      "original": {
        "owner": "nix-community",
        "repo": "home-manager",
        "type": "github"
      }
    },
    "hyprshell": {
      "inputs": {
        "crane": "crane",
        "flake-parts": "flake-parts_2",
        "home-manager": "home-manager_2",
        "nixpkgs": [
          "nixpkgs"
        ]
      },
      "locked": {
        "lastModified": 1758663065,
        "narHash": "sha256-+dmDEOtMOkZVc7Ue2tgTl4Q8iYAb/Wdok0JVaGDmCos=",
        "owner": "H3rmt",
        "repo": "hyprshell",
        "rev": "5545fdaf81bbfdd616ddc9b5ec05db494dd9e693",
        "type": "github"
      },
      "original": {
        "owner": "H3rmt",
        "ref": "hyprshell-release",
        "repo": "hyprshell",
        "type": "github"
      }
    },
    "ixx": {
      "inputs": {
        "flake-utils": [
          "nixvim",
          "nuschtosSearch",
          "flake-utils"
        ],
        "nixpkgs": [
          "nixvim",
          "nuschtosSearch",
          "nixpkgs"
        ]
      },
      "locked": {
        "lastModified": 1754860581,
        "narHash": "sha256-EM0IE63OHxXCOpDHXaTyHIOk2cNvMCGPqLt/IdtVxgk=",
        "owner": "NuschtOS",
        "repo": "ixx",
        "rev": "babfe85a876162c4acc9ab6fb4483df88fa1f281",
        "type": "github"
      },
      "original": {
        "owner": "NuschtOS",
        "ref": "v0.1.1",
        "repo": "ixx",
        "type": "github"
      }
    },
    "nix-index-database": {
      "inputs": {
        "nixpkgs": [
          "nixpkgs"
        ]
      },
      "locked": {
        "lastModified": 1759032422,
        "narHash": "sha256-WZf+FhebP2/1pK2np5xj/NuDjD6fXK2BHnq/tPUN18o=",
        "owner": "nix-community",
        "repo": "nix-index-database",
        "rev": "ec7a78cb0e098832d8acac091a4df393259c4839",
        "type": "github"
      },
      "original": {
        "owner": "nix-community",
        "repo": "nix-index-database",
        "type": "github"
      }
    },
    "nix-topology": {
      "inputs": {
        "devshell": "devshell",
        "flake-utils": "flake-utils_2",
        "nixpkgs": "nixpkgs_2",
        "pre-commit-hooks": "pre-commit-hooks_3"
      },
      "locked": {
        "lastModified": 1752093877,
        "narHash": "sha256-P0TySh6sQl1EhfxjW9ZqGxEyUBSsEpdnchOe1QB0pLA=",
        "owner": "oddlama",
        "repo": "nix-topology",
        "rev": "6a536c4b686ee4bcf07a7b0f8b823584560e2633",
        "type": "github"
      },
      "original": {
        "owner": "oddlama",
        "repo": "nix-topology",
        "type": "github"
      }
    },
    "nix-unit": {
      "inputs": {
        "flake-parts": [
          "flake-parts"
        ],
        "nixpkgs": [
          "nixpkgs"
        ],
        "treefmt-nix": "treefmt-nix"
      },
      "locked": {
        "lastModified": 1757781724,
        "narHash": "sha256-DP5SCFx0AsbPnT7KzEl3gQNWPF70Tlcc+jtLkqupabI=",
        "owner": "nix-community",
        "repo": "nix-unit",
        "rev": "7a952131cbef9cb21953ae70ad09249541848f07",
        "type": "github"
      },
      "original": {
        "owner": "nix-community",
        "repo": "nix-unit",
        "type": "github"
      }
    },
    "nix-vm-test": {
      "inputs": {
        "nixpkgs": [
          "nixos-anywhere",
          "nixpkgs"
        ]
      },
      "locked": {
        "lastModified": 1748765518,
        "narHash": "sha256-vftOR+7zwnMWl5UpG32GL1VBeNGTDZZT0hv+2uNuBGw=",
        "owner": "Mic92",
        "repo": "nix-vm-test",
        "rev": "d6642fbaf42fc98883d84bab66cd0ec720d9dd0c",
        "type": "github"
      },
      "original": {
        "owner": "Mic92",
        "repo": "nix-vm-test",
        "type": "github"
      }
    },
    "nixos-anywhere": {
      "inputs": {
        "disko": "disko_2",
        "flake-parts": "flake-parts_3",
        "nix-vm-test": "nix-vm-test",
        "nixos-images": "nixos-images",
        "nixos-stable": "nixos-stable",
        "nixpkgs": [
          "nixpkgs"
        ],
        "treefmt-nix": "treefmt-nix_2"
      },
      "locked": {
        "lastModified": 1759222546,
        "narHash": "sha256-NqwPJ95lhBNnMqkEFFQB3zaD7rCSBaGwX/MhykTbEno=",
        "owner": "nix-community",
        "repo": "nixos-anywhere",
        "rev": "5d57604924b1c63efd87b8552f9685aec45c792d",
        "type": "github"
      },
      "original": {
        "owner": "nix-community",
        "repo": "nixos-anywhere",
        "type": "github"
      }
    },
    "nixos-images": {
      "inputs": {
        "nixos-stable": [
          "nixos-anywhere",
          "nixos-stable"
        ],
        "nixos-unstable": [
          "nixos-anywhere",
          "nixpkgs"
        ]
      },
      "locked": {
        "lastModified": 1749086071,
        "narHash": "sha256-4+fY7i+q78F3t6APz0cMC4kRxsyCb+UTyfhbckkCd7Q=",
        "owner": "nix-community",
        "repo": "nixos-images",
        "rev": "aa38dbbdf0e955baef7e03dfc4265ae3fdac4808",
        "type": "github"
      },
      "original": {
        "owner": "nix-community",
        "repo": "nixos-images",
        "type": "github"
      }
    },
    "nixos-stable": {
      "locked": {
        "lastModified": 1749086602,
        "narHash": "sha256-DJcgJMekoxVesl9kKjfLPix2Nbr42i7cpEHJiTnBUwU=",
        "owner": "NixOS",
        "repo": "nixpkgs",
        "rev": "4792576cb003c994bd7cc1edada3129def20b27d",
        "type": "github"
      },
      "original": {
        "owner": "NixOS",
        "ref": "nixos-25.05",
        "repo": "nixpkgs",
        "type": "github"
      }
    },
    "nixpkgs": {
      "locked": {
        "lastModified": 1758029226,
        "narHash": "sha256-TjqVmbpoCqWywY9xIZLTf6ANFvDCXdctCjoYuYPYdMI=",
        "owner": "NixOS",
        "repo": "nixpkgs",
        "rev": "08b8f92ac6354983f5382124fef6006cade4a1c1",
        "type": "github"
      },
      "original": {
        "owner": "NixOS",
        "ref": "nixpkgs-unstable",
        "repo": "nixpkgs",
        "type": "github"
      }
    },
    "nixpkgs-small": {
      "locked": {
        "lastModified": 1759422813,
        "narHash": "sha256-WNkZqscW/dPLK5NMKH/jCkYMaVm/3KWgPmKMq65IXxk=",
        "owner": "NixOS",
        "repo": "nixpkgs",
        "rev": "2a7c84e1e740f004e0fe5c2577a63d1e659a496c",
        "type": "github"
      },
      "original": {
        "owner": "NixOS",
        "ref": "nixos-unstable-small",
        "repo": "nixpkgs",
        "type": "github"
      }
    },
    "nixpkgs-stable": {
      "locked": {
        "lastModified": 1759281824,
        "narHash": "sha256-FIBE1qXv9TKvSNwst6FumyHwCRH3BlWDpfsnqRDCll0=",
        "owner": "nixos",
        "repo": "nixpkgs",
        "rev": "5b5be50345d4113d04ba58c444348849f5585b4a",
        "type": "github"
      },
      "original": {
        "owner": "nixos",
        "ref": "nixos-25.05",
        "repo": "nixpkgs",
        "type": "github"
      }
    },
    "nixpkgs_2": {
      "locked": {
        "lastModified": 1730531603,
        "narHash": "sha256-Dqg6si5CqIzm87sp57j5nTaeBbWhHFaVyG7V6L8k3lY=",
        "owner": "NixOS",
        "repo": "nixpkgs",
        "rev": "7ffd9ae656aec493492b44d0ddfb28e79a1ea25d",
        "type": "github"
      },
      "original": {
        "owner": "NixOS",
        "ref": "nixos-unstable",
        "repo": "nixpkgs",
        "type": "github"
      }
    },
    "nixpkgs_3": {
      "locked": {
        "lastModified": 1759036355,
        "narHash": "sha256-0m27AKv6ka+q270dw48KflE0LwQYrO7Fm4/2//KCVWg=",
        "owner": "NixOS",
        "repo": "nixpkgs",
        "rev": "e9f00bd893984bc8ce46c895c3bf7cac95331127",
        "type": "github"
      },
      "original": {
        "owner": "NixOS",
        "ref": "nixos-unstable",
        "repo": "nixpkgs",
        "type": "github"
      }
    },
    "nixpkgs_4": {
      "locked": {
        "lastModified": 1754340878,
        "narHash": "sha256-lgmUyVQL9tSnvvIvBp7x1euhkkCho7n3TMzgjdvgPoU=",
        "owner": "nixos",
        "repo": "nixpkgs",
        "rev": "cab778239e705082fe97bb4990e0d24c50924c04",
        "type": "github"
      },
      "original": {
        "owner": "nixos",
        "ref": "nixpkgs-unstable",
        "repo": "nixpkgs",
        "type": "github"
      }
    },
    "nixvim": {
      "inputs": {
        "flake-parts": "flake-parts_4",
        "nixpkgs": [
          "nixpkgs"
        ],
        "nuschtosSearch": "nuschtosSearch",
        "systems": "systems_4"
      },
      "locked": {
        "lastModified": 1759435426,
        "narHash": "sha256-bAx1T95WTH7gemIzmmUfiZJ+qS8r74XdRBdhU391KXs=",
        "owner": "nix-community",
        "repo": "nixvim",
        "rev": "dca0aa2defa89b02ed17d45e955af73be17e0178",
        "type": "github"
      },
      "original": {
        "owner": "nix-community",
        "repo": "nixvim",
        "type": "github"
      }
    },
    "nur": {
      "inputs": {
        "flake-parts": "flake-parts_5",
        "nixpkgs": [
          "nixpkgs"
        ]
      },
      "locked": {
        "lastModified": 1759437092,
        "narHash": "sha256-r8oYSq3RkCJLd8WYjnfk7sAmnjfMq/TAtta2uB/SnMI=",
        "owner": "nix-community",
        "repo": "NUR",
        "rev": "360074c0ace6fe90a4f48abab8e5c9d70e4eb72e",
        "type": "github"
      },
      "original": {
        "owner": "nix-community",
        "repo": "NUR",
        "type": "github"
      }
    },
    "nur_2": {
      "inputs": {
        "flake-parts": [
          "stylix",
          "flake-parts"
        ],
        "nixpkgs": [
          "stylix",
          "nixpkgs"
        ]
      },
      "locked": {
        "lastModified": 1758998580,
        "narHash": "sha256-VLx0z396gDCGSiowLMFz5XRO/XuNV+4EnDYjdJhHvUk=",
        "owner": "nix-community",
        "repo": "NUR",
        "rev": "ba8d9c98f5f4630bcb0e815ab456afd90c930728",
        "type": "github"
      },
      "original": {
        "owner": "nix-community",
        "repo": "NUR",
        "type": "github"
      }
    },
    "nuschtosSearch": {
      "inputs": {
        "flake-utils": "flake-utils_3",
        "ixx": "ixx",
        "nixpkgs": [
          "nixvim",
          "nixpkgs"
        ]
      },
      "locked": {
        "lastModified": 1758662783,
        "narHash": "sha256-igrxT+/MnmcftPOHEb+XDwAMq3Xg1Xy7kVYQaHhPlAg=",
        "owner": "NuschtOS",
        "repo": "search",
        "rev": "7d4c0fc4ffe3bd64e5630417162e9e04e64b27a4",
        "type": "github"
      },
      "original": {
        "owner": "NuschtOS",
        "repo": "search",
        "type": "github"
      }
    },
    "pre-commit-hooks": {
      "inputs": {
        "flake-compat": "flake-compat",
        "gitignore": "gitignore",
        "nixpkgs": [
          "dwl",
          "nixpkgs"
        ]
      },
      "locked": {
        "lastModified": 1757974173,
        "narHash": "sha256-4DpXmct/2rcLgScT1CXOLr0TUeIlrBB1rnFqCOf5MUw=",
        "owner": "cachix",
        "repo": "git-hooks.nix",
        "rev": "302af509428169db34f268324162712d10559f74",
        "type": "github"
      },
      "original": {
        "owner": "cachix",
        "repo": "git-hooks.nix",
        "type": "github"
      }
    },
    "pre-commit-hooks_2": {
      "inputs": {
        "flake-compat": "flake-compat_2",
        "gitignore": "gitignore_2",
        "nixpkgs": [
          "dwl",
          "slstatus",
          "nixpkgs"
        ]
      },
      "locked": {
        "lastModified": 1757974173,
        "narHash": "sha256-4DpXmct/2rcLgScT1CXOLr0TUeIlrBB1rnFqCOf5MUw=",
        "owner": "cachix",
        "repo": "git-hooks.nix",
        "rev": "302af509428169db34f268324162712d10559f74",
        "type": "github"
      },
      "original": {
        "owner": "cachix",
        "repo": "git-hooks.nix",
        "type": "github"
      }
    },
    "pre-commit-hooks_3": {
      "inputs": {
        "flake-compat": "flake-compat_4",
        "gitignore": "gitignore_4",
        "nixpkgs": [
          "nix-topology",
          "nixpkgs"
        ],
        "nixpkgs-stable": [
          "nix-topology",
          "nixpkgs"
        ]
      },
      "locked": {
        "lastModified": 1730797577,
        "narHash": "sha256-SrID5yVpyUfknUTGWgYkTyvdr9J1LxUym4om3SVGPkg=",
        "owner": "cachix",
        "repo": "pre-commit-hooks.nix",
        "rev": "1864030ed24a2b8b4e4d386a5eeaf0c5369e50a9",
        "type": "github"
      },
      "original": {
        "owner": "cachix",
        "repo": "pre-commit-hooks.nix",
        "type": "github"
      }
    },
    "pre-commit-hooks_4": {
      "inputs": {
        "flake-compat": "flake-compat_5",
        "gitignore": "gitignore_5",
        "nixpkgs": [
          "slstatus",
          "nixpkgs"
        ]
      },
      "locked": {
        "lastModified": 1757974173,
        "narHash": "sha256-4DpXmct/2rcLgScT1CXOLr0TUeIlrBB1rnFqCOf5MUw=",
        "owner": "cachix",
        "repo": "git-hooks.nix",
        "rev": "302af509428169db34f268324162712d10559f74",
        "type": "github"
      },
      "original": {
        "owner": "cachix",
        "repo": "git-hooks.nix",
        "type": "github"
      }
    },
    "root": {
      "inputs": {
        "disko": "disko",
        "dwl": "dwl",
        "firefox-addons": "firefox-addons",
        "flake-parts": "flake-parts",
        "flake-utils": "flake-utils",
        "git-hooks-nix": "git-hooks-nix",
        "home-manager": "home-manager",
        "hyprshell": "hyprshell",
        "nix-index-database": "nix-index-database",
        "nix-topology": "nix-topology",
        "nix-unit": "nix-unit",
        "nixos-anywhere": "nixos-anywhere",
        "nixpkgs": "nixpkgs_3",
        "nixpkgs-small": "nixpkgs-small",
        "nixpkgs-stable": "nixpkgs-stable",
        "nixvim": "nixvim",
        "nur": "nur",
        "slstatus": "slstatus_2",
        "sops-nix": "sops-nix",
        "stylix": "stylix",
        "treefmt-nix": "treefmt-nix_3"
      }
    },
    "slstatus": {
      "inputs": {
        "nixpkgs": [
          "dwl",
          "nixpkgs"
        ],
        "pre-commit-hooks": "pre-commit-hooks_2",
        "slstatus-source": "slstatus-source"
      },
      "locked": {
        "lastModified": 1758848920,
        "narHash": "sha256-r7hAPdCtG1zrZfnblf/yqwLpwDKwnKlIt/RytAOMNr4=",
        "owner": "ShellTux",
        "repo": "slstatus",
        "rev": "192d2ce34759b4e1f7ac55cf80b12b31620e64cf",
        "type": "github"
      },
      "original": {
        "owner": "ShellTux",
        "repo": "slstatus",
        "type": "github"
      }
    },
    "slstatus-source": {
      "flake": false,
      "locked": {
        "lastModified": 1753389685,
        "narHash": "sha256-jCxMiWyZIcrxk1YzmnQaf3znjPgExcl8Y8R7Sc3UZ2M=",
        "ref": "refs/heads/master",
        "rev": "8723e8b8c69c08bae8abe02ea1f4a49758b8bdfc",
        "revCount": 613,
        "type": "git",
        "url": "https://git.suckless.org/slstatus"
      },
      "original": {
        "type": "git",
        "url": "https://git.suckless.org/slstatus"
      }
    },
    "slstatus-source_2": {
      "flake": false,
      "locked": {
        "lastModified": 1753389685,
        "narHash": "sha256-jCxMiWyZIcrxk1YzmnQaf3znjPgExcl8Y8R7Sc3UZ2M=",
        "ref": "refs/heads/master",
        "rev": "8723e8b8c69c08bae8abe02ea1f4a49758b8bdfc",
        "revCount": 613,
        "type": "git",
        "url": "https://git.suckless.org/slstatus"
      },
      "original": {
        "type": "git",
        "url": "https://git.suckless.org/slstatus"
      }
    },
    "slstatus_2": {
      "inputs": {
        "nixpkgs": [
          "nixpkgs"
        ],
        "pre-commit-hooks": "pre-commit-hooks_4",
        "slstatus-source": "slstatus-source_2"
      },
      "locked": {
        "lastModified": 1758848920,
        "narHash": "sha256-r7hAPdCtG1zrZfnblf/yqwLpwDKwnKlIt/RytAOMNr4=",
        "owner": "ShellTux",
        "repo": "slstatus",
        "rev": "192d2ce34759b4e1f7ac55cf80b12b31620e64cf",
        "type": "github"
      },
      "original": {
        "owner": "ShellTux",
        "repo": "slstatus",
        "type": "github"
      }
    },
    "sops-nix": {
      "inputs": {
        "nixpkgs": [
          "nixpkgs"
        ]
      },
      "locked": {
        "lastModified": 1759188042,
        "narHash": "sha256-f9QC2KKiNReZDG2yyKAtDZh0rSK2Xp1wkPzKbHeQVRU=",
        "owner": "Mic92",
        "repo": "sops-nix",
        "rev": "9fcfabe085281dd793589bdc770a2e577a3caa5d",
        "type": "github"
      },
      "original": {
        "owner": "Mic92",
        "repo": "sops-nix",
        "type": "github"
      }
    },
    "stylix": {
      "inputs": {
        "base16": "base16",
        "base16-fish": "base16-fish",
        "base16-helix": "base16-helix",
        "base16-vim": "base16-vim",
        "firefox-gnome-theme": "firefox-gnome-theme",
        "flake-parts": "flake-parts_6",
        "gnome-shell": "gnome-shell",
        "nixpkgs": [
          "nixpkgs"
        ],
        "nur": "nur_2",
        "systems": "systems_5",
        "tinted-foot": "tinted-foot",
        "tinted-kitty": "tinted-kitty",
        "tinted-schemes": "tinted-schemes",
        "tinted-tmux": "tinted-tmux",
        "tinted-zed": "tinted-zed"
      },
      "locked": {
        "lastModified": 1759404594,
        "narHash": "sha256-k9hd15rLqG7x3OCUPrcQtpleDlOyQjy16ZEseruypNQ=",
        "owner": "nix-community",
        "repo": "stylix",
        "rev": "3f70c5855572004f9c630ed4a92aa186755361be",
        "type": "github"
      },
      "original": {
        "owner": "nix-community",
        "repo": "stylix",
        "type": "github"
      }
    },
    "systems": {
      "locked": {
        "lastModified": 1681028828,
        "narHash": "sha256-Vy1rq5AaRuLzOxct8nz4T6wlgyUR7zLU309k9mBC768=",
        "owner": "nix-systems",
        "repo": "default",
        "rev": "da67096a3b9bf56a91d16901293e51ba5b49a27e",
        "type": "github"
      },
      "original": {
        "owner": "nix-systems",
        "repo": "default",
        "type": "github"
      }
    },
    "systems_2": {
      "locked": {
        "lastModified": 1681028828,
        "narHash": "sha256-Vy1rq5AaRuLzOxct8nz4T6wlgyUR7zLU309k9mBC768=",
        "owner": "nix-systems",
        "repo": "default",
        "rev": "da67096a3b9bf56a91d16901293e51ba5b49a27e",
        "type": "github"
      },
      "original": {
        "owner": "nix-systems",
        "repo": "default",
        "type": "github"
      }
    },
    "systems_3": {
      "locked": {
        "lastModified": 1681028828,
        "narHash": "sha256-Vy1rq5AaRuLzOxct8nz4T6wlgyUR7zLU309k9mBC768=",
        "owner": "nix-systems",
        "repo": "default",
        "rev": "da67096a3b9bf56a91d16901293e51ba5b49a27e",
        "type": "github"
      },
      "original": {
        "owner": "nix-systems",
        "repo": "default",
        "type": "github"
      }
    },
    "systems_4": {
      "locked": {
        "lastModified": 1681028828,
        "narHash": "sha256-Vy1rq5AaRuLzOxct8nz4T6wlgyUR7zLU309k9mBC768=",
        "owner": "nix-systems",
        "repo": "default",
        "rev": "da67096a3b9bf56a91d16901293e51ba5b49a27e",
        "type": "github"
      },
      "original": {
        "owner": "nix-systems",
        "repo": "default",
        "type": "github"
      }
    },
    "systems_5": {
      "locked": {
        "lastModified": 1681028828,
        "narHash": "sha256-Vy1rq5AaRuLzOxct8nz4T6wlgyUR7zLU309k9mBC768=",
        "owner": "nix-systems",
        "repo": "default",
        "rev": "da67096a3b9bf56a91d16901293e51ba5b49a27e",
        "type": "github"
      },
      "original": {
        "owner": "nix-systems",
        "repo": "default",
        "type": "github"
      }
    },
    "tinted-foot": {
      "flake": false,
      "locked": {
        "lastModified": 1726913040,
        "narHash": "sha256-+eDZPkw7efMNUf3/Pv0EmsidqdwNJ1TaOum6k7lngDQ=",
        "owner": "tinted-theming",
        "repo": "tinted-foot",
        "rev": "fd1b924b6c45c3e4465e8a849e67ea82933fcbe4",
        "type": "github"
      },
      "original": {
        "owner": "tinted-theming",
        "repo": "tinted-foot",
        "rev": "fd1b924b6c45c3e4465e8a849e67ea82933fcbe4",
        "type": "github"
      }
    },
    "tinted-kitty": {
      "flake": false,
      "locked": {
        "lastModified": 1735730497,
        "narHash": "sha256-4KtB+FiUzIeK/4aHCKce3V9HwRvYaxX+F1edUrfgzb8=",
        "owner": "tinted-theming",
        "repo": "tinted-kitty",
        "rev": "de6f888497f2c6b2279361bfc790f164bfd0f3fa",
        "type": "github"
      },
      "original": {
        "owner": "tinted-theming",
        "repo": "tinted-kitty",
        "type": "github"
      }
    },
    "tinted-schemes": {
      "flake": false,
      "locked": {
        "lastModified": 1757716333,
        "narHash": "sha256-d4km8W7w2zCUEmPAPUoLk1NlYrGODuVa3P7St+UrqkM=",
        "owner": "tinted-theming",
        "repo": "schemes",
        "rev": "317a5e10c35825a6c905d912e480dfe8e71c7559",
        "type": "github"
      },
      "original": {
        "owner": "tinted-theming",
        "repo": "schemes",
        "type": "github"
      }
    },
    "tinted-tmux": {
      "flake": false,
      "locked": {
        "lastModified": 1757811970,
        "narHash": "sha256-n5ZJgmzGZXOD9pZdAl1OnBu3PIqD+X3vEBUGbTi4JiI=",
        "owner": "tinted-theming",
        "repo": "tinted-tmux",
        "rev": "d217ba31c846006e9e0ae70775b0ee0f00aa6b1e",
        "type": "github"
      },
      "original": {
        "owner": "tinted-theming",
        "repo": "tinted-tmux",
        "type": "github"
      }
    },
    "tinted-zed": {
      "flake": false,
      "locked": {
        "lastModified": 1757811247,
        "narHash": "sha256-4EFOUyLj85NRL3OacHoLGEo0wjiRJzfsXtR4CZWAn6w=",
        "owner": "tinted-theming",
        "repo": "base16-zed",
        "rev": "824fe0aacf82b3c26690d14e8d2cedd56e18404e",
        "type": "github"
      },
      "original": {
        "owner": "tinted-theming",
        "repo": "base16-zed",
        "type": "github"
      }
    },
    "treefmt-nix": {
      "inputs": {
        "nixpkgs": [
          "nix-unit",
          "nixpkgs"
        ]
      },
      "locked": {
        "lastModified": 1754847726,
        "narHash": "sha256-2vX8QjO5lRsDbNYvN9hVHXLU6oMl+V/PsmIiJREG4rE=",
        "owner": "numtide",
        "repo": "treefmt-nix",
        "rev": "7d81f6fb2e19bf84f1c65135d1060d829fae2408",
        "type": "github"
      },
      "original": {
        "owner": "numtide",
        "repo": "treefmt-nix",
        "type": "github"
      }
    },
    "treefmt-nix_2": {
      "inputs": {
        "nixpkgs": [
          "nixos-anywhere",
          "nixpkgs"
        ]
      },
      "locked": {
        "lastModified": 1749194973,
        "narHash": "sha256-eEy8cuS0mZ2j/r/FE0/LYBSBcIs/MKOIVakwHVuqTfk=",
        "owner": "numtide",
        "repo": "treefmt-nix",
        "rev": "a05be418a1af1198ca0f63facb13c985db4cb3c5",
        "type": "github"
      },
      "original": {
        "owner": "numtide",
        "repo": "treefmt-nix",
        "type": "github"
      }
    },
    "treefmt-nix_3": {
      "inputs": {
        "nixpkgs": "nixpkgs_4"
      },
      "locked": {
        "lastModified": 1758728421,
        "narHash": "sha256-ySNJ008muQAds2JemiyrWYbwbG+V7S5wg3ZVKGHSFu8=",
        "owner": "numtide",
        "repo": "treefmt-nix",
        "rev": "5eda4ee8121f97b218f7cc73f5172098d458f1d1",
        "type": "github"
      },
      "original": {
        "owner": "numtide",
        "repo": "treefmt-nix",
        "type": "github"
      }
    }
  },
  "root": "root",
  "version": 7
}
